// !$*UTF8*$!
{
	archiveVersion = 1;
	classes = {
	};
	objectVersion = 50;
	objects = {

/* Begin PBXBuildFile section */
		23CF4E2C20C086A300F5DA1A /* AppDelegate.swift in Sources */ = {isa = PBXBuildFile; fileRef = 23CF4E2B20C086A300F5DA1A /* AppDelegate.swift */; };
		23CF4E2E20C086A300F5DA1A /* ViewController.swift in Sources */ = {isa = PBXBuildFile; fileRef = 23CF4E2D20C086A300F5DA1A /* ViewController.swift */; };
		23CF4E3120C086A300F5DA1A /* Main.storyboard in Resources */ = {isa = PBXBuildFile; fileRef = 23CF4E2F20C086A300F5DA1A /* Main.storyboard */; };
		23CF4E3420C086A300F5DA1A /* ParkingMarker.xcdatamodeld in Sources */ = {isa = PBXBuildFile; fileRef = 23CF4E3220C086A300F5DA1A /* ParkingMarker.xcdatamodeld */; };
		23CF4E3620C086A500F5DA1A /* Assets.xcassets in Resources */ = {isa = PBXBuildFile; fileRef = 23CF4E3520C086A500F5DA1A /* Assets.xcassets */; };
		23CF4E3920C086A500F5DA1A /* LaunchScreen.storyboard in Resources */ = {isa = PBXBuildFile; fileRef = 23CF4E3720C086A500F5DA1A /* LaunchScreen.storyboard */; };
		23CF4E4120C08BF300F5DA1A /* MapViewController.swift in Sources */ = {isa = PBXBuildFile; fileRef = 23CF4E4020C08BF300F5DA1A /* MapViewController.swift */; };
		23CF4E4520C0938800F5DA1A /* ObjectManager.swift in Sources */ = {isa = PBXBuildFile; fileRef = 23CF4E4420C0938800F5DA1A /* ObjectManager.swift */; };
		23D6E5ED20C0EE800095F2F7 /* CustomCell.swift in Sources */ = {isa = PBXBuildFile; fileRef = 23D6E5EC20C0EE800095F2F7 /* CustomCell.swift */; };
/* End PBXBuildFile section */

/* Begin PBXFileReference section */
		23CF4E2820C086A300F5DA1A /* ParkingMarker.app */ = {isa = PBXFileReference; explicitFileType = wrapper.application; includeInIndex = 0; path = ParkingMarker.app; sourceTree = BUILT_PRODUCTS_DIR; };
		23CF4E2B20C086A300F5DA1A /* AppDelegate.swift */ = {isa = PBXFileReference; lastKnownFileType = sourcecode.swift; path = AppDelegate.swift; sourceTree = "<group>"; };
		23CF4E2D20C086A300F5DA1A /* ViewController.swift */ = {isa = PBXFileReference; lastKnownFileType = sourcecode.swift; path = ViewController.swift; sourceTree = "<group>"; };
		23CF4E3020C086A300F5DA1A /* Base */ = {isa = PBXFileReference; lastKnownFileType = file.storyboard; name = Base; path = Base.lproj/Main.storyboard; sourceTree = "<group>"; };
		23CF4E3320C086A300F5DA1A /* ParkingMarker.xcdatamodel */ = {isa = PBXFileReference; lastKnownFileType = wrapper.xcdatamodel; path = ParkingMarker.xcdatamodel; sourceTree = "<group>"; };
		23CF4E3520C086A500F5DA1A /* Assets.xcassets */ = {isa = PBXFileReference; lastKnownFileType = folder.assetcatalog; path = Assets.xcassets; sourceTree = "<group>"; };
		23CF4E3820C086A500F5DA1A /* Base */ = {isa = PBXFileReference; lastKnownFileType = file.storyboard; name = Base; path = Base.lproj/LaunchScreen.storyboard; sourceTree = "<group>"; };
		23CF4E3A20C086A500F5DA1A /* Info.plist */ = {isa = PBXFileReference; lastKnownFileType = text.plist.xml; path = Info.plist; sourceTree = "<group>"; };
		23CF4E4020C08BF300F5DA1A /* MapViewController.swift */ = {isa = PBXFileReference; lastKnownFileType = sourcecode.swift; path = MapViewController.swift; sourceTree = "<group>"; };
		23CF4E4420C0938800F5DA1A /* ObjectManager.swift */ = {isa = PBXFileReference; lastKnownFileType = sourcecode.swift; path = ObjectManager.swift; sourceTree = "<group>"; };
		23D6E5EC20C0EE800095F2F7 /* CustomCell.swift */ = {isa = PBXFileReference; lastKnownFileType = sourcecode.swift; path = CustomCell.swift; sourceTree = "<group>"; };
/* End PBXFileReference section */

/* Begin PBXFrameworksBuildPhase section */
		23CF4E2520C086A300F5DA1A /* Frameworks */ = {
			isa = PBXFrameworksBuildPhase;
			buildActionMask = 2147483647;
			files = (
			);
			runOnlyForDeploymentPostprocessing = 0;
		};
/* End PBXFrameworksBuildPhase section */

/* Begin PBXGroup section */
		23CF4E1F20C086A300F5DA1A = {
			isa = PBXGroup;
			children = (
				23CF4E2A20C086A300F5DA1A /* ParkingMarker */,
				23CF4E2920C086A300F5DA1A /* Products */,
			);
			sourceTree = "<group>";
		};
		23CF4E2920C086A300F5DA1A /* Products */ = {
			isa = PBXGroup;
			children = (
				23CF4E2820C086A300F5DA1A /* ParkingMarker.app */,
			);
			name = Products;
			sourceTree = "<group>";
		};
		23CF4E2A20C086A300F5DA1A /* ParkingMarker */ = {
			isa = PBXGroup;
			children = (
				23CF4E2B20C086A300F5DA1A /* AppDelegate.swift */,
				23CF4E4420C0938800F5DA1A /* ObjectManager.swift */,
				23CF4E2D20C086A300F5DA1A /* ViewController.swift */,
				23CF4E4020C08BF300F5DA1A /* MapViewController.swift */,
				23D6E5EC20C0EE800095F2F7 /* CustomCell.swift */,
				23CF4E2F20C086A300F5DA1A /* Main.storyboard */,
				23CF4E3520C086A500F5DA1A /* Assets.xcassets */,
				23CF4E3720C086A500F5DA1A /* LaunchScreen.storyboard */,
				23CF4E3A20C086A500F5DA1A /* Info.plist */,
				23CF4E3220C086A300F5DA1A /* ParkingMarker.xcdatamodeld */,
			);
			path = ParkingMarker;
			sourceTree = "<group>";
		};
/* End PBXGroup section */

/* Begin PBXNativeTarget section */
		23CF4E2720C086A300F5DA1A /* ParkingMarker */ = {
			isa = PBXNativeTarget;
			buildConfigurationList = 23CF4E3D20C086A500F5DA1A /* Build configuration list for PBXNativeTarget "ParkingMarker" */;
			buildPhases = (
				23CF4E2420C086A300F5DA1A /* Sources */,
				23CF4E2520C086A300F5DA1A /* Frameworks */,
				23CF4E2620C086A300F5DA1A /* Resources */,
			);
			buildRules = (
			);
			dependencies = (
			);
			name = ParkingMarker;
			productName = ParkingMarker;
			productReference = 23CF4E2820C086A300F5DA1A /* ParkingMarker.app */;
			productType = "com.apple.product-type.application";
		};
/* End PBXNativeTarget section */

/* Begin PBXProject section */
		23CF4E2020C086A300F5DA1A /* Project object */ = {
			isa = PBXProject;
			attributes = {
				LastSwiftUpdateCheck = 0940;
				LastUpgradeCheck = 0940;
				ORGANIZATIONNAME = "Jonathan Yee";
				TargetAttributes = {
					23CF4E2720C086A300F5DA1A = {
						CreatedOnToolsVersion = 9.4;
					};
				};
			};
			buildConfigurationList = 23CF4E2320C086A300F5DA1A /* Build configuration list for PBXProject "ParkingMarker" */;
			compatibilityVersion = "Xcode 9.3";
			developmentRegion = en;
			hasScannedForEncodings = 0;
			knownRegions = (
				en,
				Base,
			);
			mainGroup = 23CF4E1F20C086A300F5DA1A;
			productRefGroup = 23CF4E2920C086A300F5DA1A /* Products */;
			projectDirPath = "";
			projectRoot = "";
			targets = (
				23CF4E2720C086A300F5DA1A /* ParkingMarker */,
			);
		};
/* End PBXProject section */

/* Begin PBXResourcesBuildPhase section */
		23CF4E2620C086A300F5DA1A /* Resources */ = {
			isa = PBXResourcesBuildPhase;
			buildActionMask = 2147483647;
			files = (
				23CF4E3920C086A500F5DA1A /* LaunchScreen.storyboard in Resources */,
				23CF4E3620C086A500F5DA1A /* Assets.xcassets in Resources */,
				23CF4E3120C086A300F5DA1A /* Main.storyboard in Resources */,
			);
			runOnlyForDeploymentPostprocessing = 0;
		};
/* End PBXResourcesBuildPhase section */

/* Begin PBXSourcesBuildPhase section */
		23CF4E2420C086A300F5DA1A /* Sources */ = {
			isa = PBXSourcesBuildPhase;
			buildActionMask = 2147483647;
			files = (
				23CF4E2E20C086A300F5DA1A /* ViewController.swift in Sources */,
				23CF4E2C20C086A300F5DA1A /* AppDelegate.swift in Sources */,
				23CF4E4520C0938800F5DA1A /* ObjectManager.swift in Sources */,
				23CF4E3420C086A300F5DA1A /* ParkingMarker.xcdatamodeld in Sources */,
				23D6E5ED20C0EE800095F2F7 /* CustomCell.swift in Sources */,
				23CF4E4120C08BF300F5DA1A /* MapViewController.swift in Sources */,
			);
			runOnlyForDeploymentPostprocessing = 0;
		};
/* End PBXSourcesBuildPhase section */

/* Begin PBXVariantGroup section */
		23CF4E2F20C086A300F5DA1A /* Main.storyboard */ = {
			isa = PBXVariantGroup;
			children = (
				23CF4E3020C086A300F5DA1A /* Base */,
			);
			name = Main.storyboard;
			sourceTree = "<group>";
		};
		23CF4E3720C086A500F5DA1A /* LaunchScreen.storyboard */ = {
			isa = PBXVariantGroup;
			children = (
				23CF4E3820C086A500F5DA1A /* Base */,
			);
			name = LaunchScreen.storyboard;
			sourceTree = "<group>";
		};
/* End PBXVariantGroup section */

/* Begin XCBuildConfiguration section */
		23CF4E3B20C086A500F5DA1A /* Debug */ = {
			isa = XCBuildConfiguration;
			buildSettings = {
				ALWAYS_SEARCH_USER_PATHS = NO;
				CLANG_ANALYZER_NONNULL = YES;
				CLANG_ANALYZER_NUMBER_OBJECT_CONVERSION = YES_AGGRESSIVE;
				CLANG_CXX_LANGUAGE_STANDARD = "gnu++14";
				CLANG_CXX_LIBRARY = "libc++";
				CLANG_ENABLE_MODULES = YES;
				CLANG_ENABLE_OBJC_ARC = YES;
				CLANG_ENABLE_OBJC_WEAK = YES;
				CLANG_WARN_BLOCK_CAPTURE_AUTORELEASING = YES;
				CLANG_WARN_BOOL_CONVERSION = YES;
				CLANG_WARN_COMMA = YES;
				CLANG_WARN_CONSTANT_CONVERSION = YES;
				CLANG_WARN_DEPRECATED_OBJC_IMPLEMENTATIONS = YES;
				CLANG_WARN_DIRECT_OBJC_ISA_USAGE = YES_ERROR;
				CLANG_WARN_DOCUMENTATION_COMMENTS = YES;
				CLANG_WARN_EMPTY_BODY = YES;
				CLANG_WARN_ENUM_CONVERSION = YES;
				CLANG_WARN_INFINITE_RECURSION = YES;
				CLANG_WARN_INT_CONVERSION = YES;
				CLANG_WARN_NON_LITERAL_NULL_CONVERSION = YES;
				CLANG_WARN_OBJC_IMPLICIT_RETAIN_SELF = YES;
				CLANG_WARN_OBJC_LITERAL_CONVERSION = YES;
				CLANG_WARN_OBJC_ROOT_CLASS = YES_ERROR;
				CLANG_WARN_RANGE_LOOP_ANALYSIS = YES;
				CLANG_WARN_STRICT_PROTOTYPES = YES;
				CLANG_WARN_SUSPICIOUS_MOVE = YES;
				CLANG_WARN_UNGUARDED_AVAILABILITY = YES_AGGRESSIVE;
				CLANG_WARN_UNREACHABLE_CODE = YES;
				CLANG_WARN__DUPLICATE_METHOD_MATCH = YES;
				CODE_SIGN_IDENTITY = "iPhone Developer";
				COPY_PHASE_STRIP = NO;
				DEBUG_INFORMATION_FORMAT = dwarf;
				ENABLE_STRICT_OBJC_MSGSEND = YES;
				ENABLE_TESTABILITY = YES;
				GCC_C_LANGUAGE_STANDARD = gnu11;
				GCC_DYNAMIC_NO_PIC = NO;
				GCC_NO_COMMON_BLOCKS = YES;
				GCC_OPTIMIZATION_LEVEL = 0;
				GCC_PREPROCESSOR_DEFINITIONS = (
					"DEBUG=1",
					"$(inherited)",
				);
				GCC_WARN_64_TO_32_BIT_CONVERSION = YES;
				GCC_WARN_ABOUT_RETURN_TYPE = YES_ERROR;
				GCC_WARN_UNDECLARED_SELECTOR = YES;
				GCC_WARN_UNINITIALIZED_AUTOS = YES_AGGRESSIVE;
				GCC_WARN_UNUSED_FUNCTION = YES;
				GCC_WARN_UNUSED_VARIABLE = YES;
				IPHONEOS_DEPLOYMENT_TARGET = 11.4;
				MTL_ENABLE_DEBUG_INFO = YES;
				ONLY_ACTIVE_ARCH = YES;
				SDKROOT = iphoneos;
				SWIFT_ACTIVE_COMPILATION_CONDITIONS = DEBUG;
				SWIFT_OPTIMIZATION_LEVEL = "-Onone";
			};
			name = Debug;
		};
		23CF4E3C20C086A500F5DA1A /* Release */ = {
			isa = XCBuildConfiguration;
			buildSettings = {
				ALWAYS_SEARCH_USER_PATHS = NO;
				CLANG_ANALYZER_NONNULL = YES;
				CLANG_ANALYZER_NUMBER_OBJECT_CONVERSION = YES_AGGRESSIVE;
				CLANG_CXX_LANGUAGE_STANDARD = "gnu++14";
				CLANG_CXX_LIBRARY = "libc++";
				CLANG_ENABLE_MODULES = YES;
				CLANG_ENABLE_OBJC_ARC = YES;
				CLANG_ENABLE_OBJC_WEAK = YES;
				CLANG_WARN_BLOCK_CAPTURE_AUTORELEASING = YES;
				CLANG_WARN_BOOL_CONVERSION = YES;
				CLANG_WARN_COMMA = YES;
				CLANG_WARN_CONSTANT_CONVERSION = YES;
				CLANG_WARN_DEPRECATED_OBJC_IMPLEMENTATIONS = YES;
				CLANG_WARN_DIRECT_OBJC_ISA_USAGE = YES_ERROR;
				CLANG_WARN_DOCUMENTATION_COMMENTS = YES;
				CLANG_WARN_EMPTY_BODY = YES;
				CLANG_WARN_ENUM_CONVERSION = YES;
				CLANG_WARN_INFINITE_RECURSION = YES;
				CLANG_WARN_INT_CONVERSION = YES;
				CLANG_WARN_NON_LITERAL_NULL_CONVERSION = YES;
				CLANG_WARN_OBJC_IMPLICIT_RETAIN_SELF = YES;
				CLANG_WARN_OBJC_LITERAL_CONVERSION = YES;
				CLANG_WARN_OBJC_ROOT_CLASS = YES_ERROR;
				CLANG_WARN_RANGE_LOOP_ANALYSIS = YES;
				CLANG_WARN_STRICT_PROTOTYPES = YES;
				CLANG_WARN_SUSPICIOUS_MOVE = YES;
				CLANG_WARN_UNGUARDED_AVAILABILITY = YES_AGGRESSIVE;
				CLANG_WARN_UNREACHABLE_CODE = YES;
				CLANG_WARN__DUPLICATE_METHOD_MATCH = YES;
				CODE_SIGN_IDENTITY = "iPhone Developer";
				COPY_PHASE_STRIP = NO;
				DEBUG_INFORMATION_FORMAT = "dwarf-with-dsym";
				ENABLE_NS_ASSERTIONS = NO;
				ENABLE_STRICT_OBJC_MSGSEND = YES;
				GCC_C_LANGUAGE_STANDARD = gnu11;
				GCC_NO_COMMON_BLOCKS = YES;
				GCC_WARN_64_TO_32_BIT_CONVERSION = YES;
				GCC_WARN_ABOUT_RETURN_TYPE = YES_ERROR;
				GCC_WARN_UNDECLARED_SELECTOR = YES;
				GCC_WARN_UNINITIALIZED_AUTOS = YES_AGGRESSIVE;
				GCC_WARN_UNUSED_FUNCTION = YES;
				GCC_WARN_UNUSED_VARIABLE = YES;
				IPHONEOS_DEPLOYMENT_TARGET = 11.4;
				MTL_ENABLE_DEBUG_INFO = NO;
				SDKROOT = iphoneos;
				SWIFT_COMPILATION_MODE = wholemodule;
				SWIFT_OPTIMIZATION_LEVEL = "-O";
				VALIDATE_PRODUCT = YES;
			};
			name = Release;
		};
		23CF4E3E20C086A500F5DA1A /* Debug */ = {
			isa = XCBuildConfiguration;
			buildSettings = {
				ASSETCATALOG_COMPILER_APPICON_NAME = AppIcon;
				CODE_SIGN_STYLE = Automatic;
				DEVELOPMENT_TEAM = PJA739TV7C;
				INFOPLIST_FILE = ParkingMarker/Info.plist;
				LD_RUNPATH_SEARCH_PATHS = (
					"$(inherited)",
					"@executable_path/Frameworks",
				);
				PRODUCT_BUNDLE_IDENTIFIER = com.Jnothn.LocationMarker;
				PRODUCT_NAME = "$(TARGET_NAME)";
				SWIFT_VERSION = 4.0;
				TARGETED_DEVICE_FAMILY = 1;
			};
			name = Debug;
		};
		23CF4E3F20C086A500F5DA1A /* Release */ = {
			isa = XCBuildConfiguration;
			buildSettings = {
				ASSETCATALOG_COMPILER_APPICON_NAME = AppIcon;
				CODE_SIGN_STYLE = Automatic;
				DEVELOPMENT_TEAM = PJA739TV7C;
				INFOPLIST_FILE = ParkingMarker/Info.plist;
				LD_RUNPATH_SEARCH_PATHS = (
					"$(inherited)",
					"@executable_path/Frameworks",
				);
				PRODUCT_BUNDLE_IDENTIFIER = com.Jnothn.LocationMarker;
				PRODUCT_NAME = "$(TARGET_NAME)";
				SWIFT_VERSION = 4.0;
				TARGETED_DEVICE_FAMILY = 1;
			};
			name = Release;
		};
/* End XCBuildConfiguration section */

/* Begin XCConfigurationList section */
		23CF4E2320C086A300F5DA1A /* Build configuration list for PBXProject "ParkingMarker" */ = {
			isa = XCConfigurationList;
			buildConfigurations = (
				23CF4E3B20C086A500F5DA1A /* Debug */,
				23CF4E3C20C086A500F5DA1A /* Release */,
			);
			defaultConfigurationIsVisible = 0;
			defaultConfigurationName = Release;
		};
		23CF4E3D20C086A500F5DA1A /* Build configuration list for PBXNativeTarget "ParkingMarker" */ = {
			isa = XCConfigurationList;
			buildConfigurations = (
				23CF4E3E20C086A500F5DA1A /* Debug */,
				23CF4E3F20C086A500F5DA1A /* Release */,
			);
			defaultConfigurationIsVisible = 0;
			defaultConfigurationName = Release;
		};
/* End XCConfigurationList section */

/* Begin XCVersionGroup section */
		23CF4E3220C086A300F5DA1A /* ParkingMarker.xcdatamodeld */ = {
			isa = XCVersionGroup;
			children = (
				23CF4E3320C086A300F5DA1A /* ParkingMarker.xcdatamodel */,
			);
			currentVersion = 23CF4E3320C086A300F5DA1A /* ParkingMarker.xcdatamodel */;
			path = ParkingMarker.xcdatamodeld;
			sourceTree = "<group>";
			versionGroupType = wrapper.xcdatamodel;
		};
/* End XCVersionGroup section */
	};
	rootObject = 23CF4E2020C086A300F5DA1A /* Project object */;
}
